{
  "requires": true,
  "lockfileVersion": 1,
  "dependencies": {
    "@types/geojson": {
      "version": "7946.0.6",
      "resolved": "https://registry.npmjs.org/@types/geojson/-/geojson-7946.0.6.tgz",
      "integrity": "sha512-f6qai3iR62QuMPPdgyH+LyiXTL2n9Rf62UniJjV7KHrbiwzLTZUKsdq0mFSTxAHbO7JvwxwC4tH0m1UnweuLrA=="
    },
    "@types/leaflet": {
      "version": "1.5.8",
      "resolved": "https://registry.npmjs.org/@types/leaflet/-/leaflet-1.5.8.tgz",
      "integrity": "sha512-qpi5n4LmwenUFZ+VZ7ytRgHK+ZAclIvloL2zoKCmmj244WD2hBcLbUZ6Szvajfe3sIkSYEJ8WZ1p9VYl8tRsMA==",
      "requires": {
        "@types/geojson": "*"
      }
    }
  }
}
